
Microsoft Visual Studio Solution File, Format Version 12.00
# Visual Studio Version 17
VisualStudioVersion = 17.4.33122.133
MinimumVisualStudioVersion = 10.0.40219.1
Project("{9A19103F-16F7-4668-BE54-9A1E7A4F7556}") = "SimpleAuthentication", "SimpleAuthentication\SimpleAuthentication.csproj", "{D0543AE5-25EE-43BB-9271-CF2E95620059}"
EndProject
Project("{9A19103F-16F7-4668-BE54-9A1E7A4F7556}") = "Empresa.Proyecto.FrontEnd", "Empresa.Proyecto.FrontEnd\Exceltec.Presupuesto.FrontEnd.csproj", "{1FA5456B-4388-42DD-A620-DCD668CDC214}"
EndProject
Project("{9A19103F-16F7-4668-BE54-9A1E7A4F7556}") = "Empresa.Proyecto.API", "Empresa.Proyecto.API\Empresa.Proyecto.API.csproj", "{8BB2F7B1-B6CF-4D43-B985-A72E5C5C9C67}"
EndProject
Project("{9A19103F-16F7-4668-BE54-9A1E7A4F7556}") = "Empresa.Proyecto.Models", "Empresa.Proyecto.Models\Empresa.Proyecto.Models.csproj", "{EA8A1D10-191E-4502-81B0-A9109F0F87F5}"
EndProject
Global
	GlobalSection(SolutionConfigurationPlatforms) = preSolution
		Debug|Any CPU = Debug|Any CPU
		Release|Any CPU = Release|Any CPU
	EndGlobalSection
	GlobalSection(ProjectConfigurationPlatforms) = postSolution
		{D0543AE5-25EE-43BB-9271-CF2E95620059}.Debug|Any CPU.ActiveCfg = Debug|Any CPU
		{D0543AE5-25EE-43BB-9271-CF2E95620059}.Debug|Any CPU.Build.0 = Debug|Any CPU
		{D0543AE5-25EE-43BB-9271-CF2E95620059}.Release|Any CPU.ActiveCfg = Release|Any CPU
		{D0543AE5-25EE-43BB-9271-CF2E95620059}.Release|Any CPU.Build.0 = Release|Any CPU
		{1FA5456B-4388-42DD-A620-DCD668CDC214}.Debug|Any CPU.ActiveCfg = Debug|Any CPU
		{1FA5456B-4388-42DD-A620-DCD668CDC214}.Debug|Any CPU.Build.0 = Debug|Any CPU
		{1FA5456B-4388-42DD-A620-DCD668CDC214}.Release|Any CPU.ActiveCfg = Release|Any CPU
		{1FA5456B-4388-42DD-A620-DCD668CDC214}.Release|Any CPU.Build.0 = Release|Any CPU
		{8BB2F7B1-B6CF-4D43-B985-A72E5C5C9C67}.Debug|Any CPU.ActiveCfg = Debug|Any CPU
		{8BB2F7B1-B6CF-4D43-B985-A72E5C5C9C67}.Debug|Any CPU.Build.0 = Debug|Any CPU
		{8BB2F7B1-B6CF-4D43-B985-A72E5C5C9C67}.Release|Any CPU.ActiveCfg = Release|Any CPU
		{8BB2F7B1-B6CF-4D43-B985-A72E5C5C9C67}.Release|Any CPU.Build.0 = Release|Any CPU
		{EA8A1D10-191E-4502-81B0-A9109F0F87F5}.Debug|Any CPU.ActiveCfg = Debug|Any CPU
		{EA8A1D10-191E-4502-81B0-A9109F0F87F5}.Debug|Any CPU.Build.0 = Debug|Any CPU
		{EA8A1D10-191E-4502-81B0-A9109F0F87F5}.Release|Any CPU.ActiveCfg = Release|Any CPU
		{EA8A1D10-191E-4502-81B0-A9109F0F87F5}.Release|Any CPU.Build.0 = Release|Any CPU
	EndGlobalSection
	GlobalSection(SolutionProperties) = preSolution
		HideSolutionNode = FALSE
	EndGlobalSection
	GlobalSection(ExtensibilityGlobals) = postSolution
		SolutionGuid = {67F0F9B6-A426-4355-9162-BF99852133A8}
	EndGlobalSection
EndGlobal
